<?xml version="1.0" encoding="utf-8"?>
<Project ToolsVersion="4.0" xmlns="http://schemas.microsoft.com/developer/msbuild/2003">
  <ItemGroup>
    <Filter Include="Source Files">
      <UniqueIdentifier>{4FC737F1-C7A5-4376-A066-2A32D752A2FF}</UniqueIdentifier>
      <Extensions>cpp;c;cc;cxx;c++;cppm;ixx;def;odl;idl;hpj;bat;asm;asmx</Extensions>
    </Filter>
    <Filter Include="Header Files">
      <UniqueIdentifier>{93995380-89BD-4b04-88EB-625FBE52EBFB}</UniqueIdentifier>
      <Extensions>h;hh;hpp;hxx;h++;hm;inl;inc;ipp;xsd</Extensions>
    </Filter>
    <Filter Include="Resource Files">
      <UniqueIdentifier>{67DA6AB6-F800-4c08-8B7A-83BB121AAD01}</UniqueIdentifier>
      <Extensions>rc;ico;cur;bmp;dlg;rc2;rct;bin;rgs;gif;jpg;jpeg;jpe;resx;tiff;tif;png;wav;mfcribbon-ms</Extensions>
    </Filter>
    <Filter Include="libs">
      <UniqueIdentifier>{0ce44510-1c9a-46a7-9260-3ab4e6dc6432}</UniqueIdentifier>
    </Filter>
    <Filter Include="libs\MinHook">
      <UniqueIdentifier>{8f9452df-f1d6-4cdd-9d6f-1662adac1043}</UniqueIdentifier>
    </Filter>
    <Filter Include="libs\ImGui">
      <UniqueIdentifier>{3fa9af8c-a2f6-415a-bf94-47526b6aa25a}</UniqueIdentifier>
    </Filter>
    <Filter Include="Header Files\Tools">
      <UniqueIdentifier>{cbaa35a2-129e-40f5-8c82-75280eb6470f}</UniqueIdentifier>
    </Filter>
    <Filter Include="Header Files\Tabs">
      <UniqueIdentifier>{51bd7c0a-ae96-4a94-b531-012c6ff3aade}</UniqueIdentifier>
    </Filter>
    <Filter Include="Source Files\Tabs">
      <UniqueIdentifier>{2730b1c1-3e61-44bb-bd0b-057af55a95e1}</UniqueIdentifier>
    </Filter>
    <Filter Include="Header Files\Core Classes">
      <UniqueIdentifier>{779f96c9-81be-4153-89ce-f7f7b441f345}</UniqueIdentifier>
    </Filter>
    <Filter Include="Source Files\Core Classes">
      <UniqueIdentifier>{312b4082-fa88-4217-b5de-57270e87f4e3}</UniqueIdentifier>
    </Filter>
    <Filter Include="libs\SDK">
      <UniqueIdentifier>{dd54a0d7-5009-4554-b4bd-e3f4deee60f5}</UniqueIdentifier>
    </Filter>
  </ItemGroup>
  <ItemGroup>
    <ClInclude Include="libs\ImGui\imconfig.h">
      <Filter>libs\ImGui</Filter>
    </ClInclude>
    <ClInclude Include="libs\ImGui\imgui.h">
      <Filter>libs\ImGui</Filter>
    </ClInclude>
    <ClInclude Include="libs\ImGui\imgui_impl_dx12.h">
      <Filter>libs\ImGui</Filter>
    </ClInclude>
    <ClInclude Include="libs\ImGui\imgui_impl_win32.h">
      <Filter>libs\ImGui</Filter>
    </ClInclude>
    <ClInclude Include="libs\ImGui\imgui_internal.h">
      <Filter>libs\ImGui</Filter>
    </ClInclude>
    <ClInclude Include="libs\ImGui\imstb_rectpack.h">
      <Filter>libs\ImGui</Filter>
    </ClInclude>
    <ClInclude Include="libs\ImGui\imstb_textedit.h">
      <Filter>libs\ImGui</Filter>
    </ClInclude>
    <ClInclude Include="libs\ImGui\imstb_truetype.h">
      <Filter>libs\ImGui</Filter>
    </ClInclude>
    <ClInclude Include="libs\Minhook\buffer.h">
      <Filter>libs\MinHook</Filter>
    </ClInclude>
    <ClInclude Include="libs\Minhook\hde32.h">
      <Filter>libs\MinHook</Filter>
    </ClInclude>
    <ClInclude Include="libs\Minhook\hde64.h">
      <Filter>libs\MinHook</Filter>
    </ClInclude>
    <ClInclude Include="libs\Minhook\MinHook.h">
      <Filter>libs\MinHook</Filter>
    </ClInclude>
    <ClInclude Include="libs\Minhook\pstdint.h">
      <Filter>libs\MinHook</Filter>
    </ClInclude>
    <ClInclude Include="libs\Minhook\table32.h">
      <Filter>libs\MinHook</Filter>
    </ClInclude>
    <ClInclude Include="libs\Minhook\table64.h">
      <Filter>libs\MinHook</Filter>
    </ClInclude>
    <ClInclude Include="libs\Minhook\trampoline.h">
      <Filter>libs\MinHook</Filter>
    </ClInclude>
    <ClInclude Include="MENU\include\Common.hpp">
      <Filter>Header Files</Filter>
    </ClInclude>
    <ClInclude Include="MENU\include\framework.h">
      <Filter>Header Files</Filter>
    </ClInclude>
    <ClInclude Include="MENU\include\Tools\Vector.hpp">
      <Filter>Header Files\Tools</Filter>
    </ClInclude>
    <ClInclude Include="MENU\include\Console.hpp">
      <Filter>Header Files\Core Classes</Filter>
    </ClInclude>
    <ClInclude Include="MENU\include\D3DRenderer.hpp">
      <Filter>Header Files\Core Classes</Filter>
    </ClInclude>
    <ClInclude Include="MENU\include\Game.hpp">
      <Filter>Header Files\Core Classes</Filter>
    </ClInclude>
    <ClInclude Include="MENU\include\Memory.hpp">
      <Filter>Header Files\Core Classes</Filter>
    </ClInclude>
    <ClInclude Include="MENU\include\Menu.hpp">
      <Filter>Header Files\Core Classes</Filter>
    </ClInclude>
    <ClInclude Include="MENU\include\Tabs\Character.h">
      <Filter>Header Files\Tabs</Filter>
    </ClInclude>
    <ClInclude Include="MENU\include\Tabs\Debug.h">
      <Filter>Header Files\Tabs</Filter>
    </ClInclude>
    <ClInclude Include="MENU\include\Tabs\Entities.h">
      <Filter>Header Files\Tabs</Filter>
    </ClInclude>
    <ClInclude Include="MENU\include\Tabs\Main.h">
      <Filter>Header Files\Tabs</Filter>
    </ClInclude>
    <ClInclude Include="MENU\include\Tabs\Visuals.h">
      <Filter>Header Files\Tabs</Filter>
    </ClInclude>
    <ClInclude Include="MENU\include\initialize.hpp">
      <Filter>Header Files</Filter>
    </ClInclude>
    <ClInclude Include="MENU\include\Hooking.hpp">
      <Filter>Header Files\Core Classes</Filter>
    </ClInclude>
    <ClInclude Include="libs\SDK\SDK.h">
      <Filter>libs\SDK</Filter>
    </ClInclude>
  </ItemGroup>
  <ItemGroup>
    <ClCompile Include="libs\ImGui\imgui.cpp">
      <Filter>libs\ImGui</Filter>
    </ClCompile>
    <ClCompile Include="libs\ImGui\imgui_demo.cpp">
      <Filter>libs\ImGui</Filter>
    </ClCompile>
    <ClCompile Include="libs\ImGui\imgui_draw.cpp">
      <Filter>libs\ImGui</Filter>
    </ClCompile>
    <ClCompile Include="libs\ImGui\imgui_impl_dx12.cpp">
      <Filter>libs\ImGui</Filter>
    </ClCompile>
    <ClCompile Include="libs\ImGui\imgui_impl_win32.cpp">
      <Filter>libs\ImGui</Filter>
    </ClCompile>
    <ClCompile Include="libs\ImGui\imgui_tables.cpp">
      <Filter>libs\ImGui</Filter>
    </ClCompile>
    <ClCompile Include="libs\ImGui\imgui_widgets.cpp">
      <Filter>libs\ImGui</Filter>
    </ClCompile>
    <ClCompile Include="libs\Minhook\buffer.c">
      <Filter>libs\MinHook</Filter>
    </ClCompile>
    <ClCompile Include="libs\Minhook\hde32.c">
      <Filter>libs\MinHook</Filter>
    </ClCompile>
    <ClCompile Include="libs\Minhook\hde64.c">
      <Filter>libs\MinHook</Filter>
    </ClCompile>
    <ClCompile Include="libs\Minhook\hook.c">
      <Filter>libs\MinHook</Filter>
    </ClCompile>
    <ClCompile Include="libs\Minhook\trampoline.c">
      <Filter>libs\MinHook</Filter>
    </ClCompile>
    <ClCompile Include="MENU\dllmain.cpp">
      <Filter>Source Files</Filter>
    </ClCompile>
    <ClCompile Include="MENU\src\Menu.cpp">
      <Filter>Source Files\Core Classes</Filter>
    </ClCompile>
    <ClCompile Include="MENU\src\Hooking.cpp">
      <Filter>Source Files\Core Classes</Filter>
    </ClCompile>
    <ClCompile Include="MENU\src\Game.cpp">
      <Filter>Source Files\Core Classes</Filter>
    </ClCompile>
    <ClCompile Include="MENU\src\D3DRenderer.cpp">
      <Filter>Source Files\Core Classes</Filter>
    </ClCompile>
    <ClCompile Include="MENU\src\Console.cpp">
      <Filter>Source Files\Core Classes</Filter>
    </ClCompile>
    <ClCompile Include="MENU\src\Tabs\Character.cpp">
      <Filter>Source Files\Tabs</Filter>
    </ClCompile>
    <ClCompile Include="MENU\src\Tabs\Debug.cpp">
      <Filter>Source Files\Tabs</Filter>
    </ClCompile>
    <ClCompile Include="MENU\src\Tabs\Entities.cpp">
      <Filter>Source Files\Tabs</Filter>
    </ClCompile>
    <ClCompile Include="MENU\src\Tabs\Main.cpp">
      <Filter>Source Files\Tabs</Filter>
    </ClCompile>
    <ClCompile Include="MENU\src\Tabs\Visuals.cpp">
      <Filter>Source Files\Tabs</Filter>
    </ClCompile>
    <ClCompile Include="libs\SDK\Basic_Functions.cpp">
      <Filter>libs\SDK</Filter>
    </ClCompile>
    <ClCompile Include="libs\SDK\EldenRing_Functions.cpp">
      <Filter>libs\SDK</Filter>
    </ClCompile>
  </ItemGroup>
</Project>